
Microsoft Visual Studio Solution File, Format Version 12.00
# Visual Studio Version 16
VisualStudioVersion = 16.0.30907.101
MinimumVisualStudioVersion = 10.0.40219.1
Project("{2150E333-8FDC-42A3-9474-1A3956D46DE8}") = "Solution Files", "Solution Files", "{FA6E405B-DCF2-4C61-8901-965C45423CC4}"
	ProjectSection(SolutionItems) = preProject
		..\README.md = ..\README.md
	EndProjectSection
EndProject
Project("{2150E333-8FDC-42A3-9474-1A3956D46DE8}") = "tests", "tests", "{55155A5D-E254-4B50-9DE3-378EA5552CEF}"
EndProject
Project("{2150E333-8FDC-42A3-9474-1A3956D46DE8}") = "src", "src", "{363C2886-C4BD-4BDD-A987-6E35E0E2B463}"
EndProject
Project("{9A19103F-16F7-4668-BE54-9A1E7A4F7556}") = "Moneybox.App", "src\Moneybox.App\Moneybox.App.csproj", "{889C1FFE-64D3-4DB5-9066-F283CDD00AB0}"
EndProject
Project("{9A19103F-16F7-4668-BE54-9A1E7A4F7556}") = "MoneyBoxApp.App.Tests", "src\MoneyBoxApp.App.Tests\MoneyBoxApp.App.Tests.csproj", "{3B38B7C2-518E-4FE2-BB2B-21855FD84EE9}"
EndProject
Global
	GlobalSection(SolutionConfigurationPlatforms) = preSolution
		Debug|Any CPU = Debug|Any CPU
		Release|Any CPU = Release|Any CPU
	EndGlobalSection
	GlobalSection(ProjectConfigurationPlatforms) = postSolution
		{889C1FFE-64D3-4DB5-9066-F283CDD00AB0}.Debug|Any CPU.ActiveCfg = Debug|Any CPU
		{889C1FFE-64D3-4DB5-9066-F283CDD00AB0}.Debug|Any CPU.Build.0 = Debug|Any CPU
		{889C1FFE-64D3-4DB5-9066-F283CDD00AB0}.Release|Any CPU.ActiveCfg = Release|Any CPU
		{889C1FFE-64D3-4DB5-9066-F283CDD00AB0}.Release|Any CPU.Build.0 = Release|Any CPU
		{3B38B7C2-518E-4FE2-BB2B-21855FD84EE9}.Debug|Any CPU.ActiveCfg = Debug|Any CPU
		{3B38B7C2-518E-4FE2-BB2B-21855FD84EE9}.Debug|Any CPU.Build.0 = Debug|Any CPU
		{3B38B7C2-518E-4FE2-BB2B-21855FD84EE9}.Release|Any CPU.ActiveCfg = Release|Any CPU
		{3B38B7C2-518E-4FE2-BB2B-21855FD84EE9}.Release|Any CPU.Build.0 = Release|Any CPU
	EndGlobalSection
	GlobalSection(SolutionProperties) = preSolution
		HideSolutionNode = FALSE
	EndGlobalSection
	GlobalSection(NestedProjects) = preSolution
		{889C1FFE-64D3-4DB5-9066-F283CDD00AB0} = {363C2886-C4BD-4BDD-A987-6E35E0E2B463}
		{3B38B7C2-518E-4FE2-BB2B-21855FD84EE9} = {55155A5D-E254-4B50-9DE3-378EA5552CEF}
	EndGlobalSection
	GlobalSection(ExtensibilityGlobals) = postSolution
		SolutionGuid = {4BBC44E4-088E-4757-B143-20E33390DC00}
	EndGlobalSection
EndGlobal
